
Microsoft Visual Studio Solution File, Format Version 12.00
# Visual Studio 14
VisualStudioVersion = 14.0.23107.0
MinimumVisualStudioVersion = 10.0.40219.1
Project("{FAE04EC0-301F-11D3-BF4B-00C04F79EFBC}") = "Word Search Solver", "Word Search Solver\Word Search Solver.csproj", "{A5BFD551-000F-41E5-9F26-AC6E0705828B}"
EndProject
Global
	GlobalSection(SolutionConfigurationPlatforms) = preSolution
		Debug|Any CPU = Debug|Any CPU
		Release|Any CPU = Release|Any CPU
	EndGlobalSection
	GlobalSection(ProjectConfigurationPlatforms) = postSolution
		{A5BFD551-000F-41E5-9F26-AC6E0705828B}.Debug|Any CPU.ActiveCfg = Debug|Any CPU
		{A5BFD551-000F-41E5-9F26-AC6E0705828B}.Debug|Any CPU.Build.0 = Debug|Any CPU
		{A5BFD551-000F-41E5-9F26-AC6E0705828B}.Release|Any CPU.ActiveCfg = Release|Any CPU
		{A5BFD551-000F-41E5-9F26-AC6E0705828B}.Release|Any CPU.Build.0 = Release|Any CPU
	EndGlobalSection
	GlobalSection(SolutionProperties) = preSolution
		HideSolutionNode = FALSE
	EndGlobalSection
EndGlobal
